{
  "lockfileVersion": 1,
  "configVersion": 1,
  "workspaces": {
    "": {
      "name": "raddigo_monorepo",
    },
    "apps/auth-service": {
      "name": "auth-service",
      "dependencies": {
        "@raddi/config": "workspace:*",
        "@raddi/types": "workspace:*",
      },
    },
    "apps/gateway": {
      "name": "gateway",
      "dependencies": {
        "@raddi/config": "workspace:*",
      },
    },
    "apps/order-service": {
      "name": "order-service",
      "dependencies": {
        "@raddi/config": "workspace:*",
        "@raddi/types": "workspace:*",
      },
    },
    "packages/config": {
      "name": "@raddi/config",
    },
    "packages/types": {
      "name": "@raddi/types",
    },
  },
  "packages": {
    "@raddi/config": ["@raddi/config@workspace:packages/config"],

    "@raddi/types": ["@raddi/types@workspace:packages/types"],

    "auth-service": ["auth-service@workspace:apps/auth-service"],

    "gateway": ["gateway@workspace:apps/gateway"],

    "order-service": ["order-service@workspace:apps/order-service"],
  }
}
